// !$*UTF8*$!
{
	archiveVersion = 1;
	classes = {
	};
	objectVersion = 51;
	objects = {

/* Begin PBXBuildFile section */
		1D341E6DD6FB1EDCA3257716 /* Pods_MVVM_Example.framework in Frameworks */ = {isa = PBXBuildFile; fileRef = C41F672AE272BB96361C58B8 /* Pods_MVVM_Example.framework */; };
		344BAC48283D731E00C27FBC /* CarsViewModel.swift in Sources */ = {isa = PBXBuildFile; fileRef = 344BAC47283D731E00C27FBC /* CarsViewModel.swift */; };
		344BAC4F283D777700C27FBC /* Main.storyboard in Resources */ = {isa = PBXBuildFile; fileRef = 344BAC4D283D777700C27FBC /* Main.storyboard */; };
		34663D4E246CF29C0053DDBB /* CarVC.swift in Sources */ = {isa = PBXBuildFile; fileRef = 34663D4D246CF29C0053DDBB /* CarVC.swift */; };
		349D2EE1246C9F94000397D7 /* AppDelegate.swift in Sources */ = {isa = PBXBuildFile; fileRef = 349D2EE0246C9F94000397D7 /* AppDelegate.swift */; };
		349D2EE3246C9F94000397D7 /* SceneDelegate.swift in Sources */ = {isa = PBXBuildFile; fileRef = 349D2EE2246C9F94000397D7 /* SceneDelegate.swift */; };
		349D2EEB246C9F94000397D7 /* MVVM_Example.xcdatamodeld in Sources */ = {isa = PBXBuildFile; fileRef = 349D2EE9246C9F94000397D7 /* MVVM_Example.xcdatamodeld */; };
		349D2EED246C9FAA000397D7 /* Assets.xcassets in Resources */ = {isa = PBXBuildFile; fileRef = 349D2EEC246C9FAA000397D7 /* Assets.xcassets */; };
		349D2EF0246C9FAA000397D7 /* LaunchScreen.storyboard in Resources */ = {isa = PBXBuildFile; fileRef = 349D2EEE246C9FAA000397D7 /* LaunchScreen.storyboard */; };
		34A14F6C246CB48C007AAD2B /* CarVC+CollectionView.swift in Sources */ = {isa = PBXBuildFile; fileRef = 34A14F6B246CB48C007AAD2B /* CarVC+CollectionView.swift */; };
		34A14F6E246CB57D007AAD2B /* APIService.swift in Sources */ = {isa = PBXBuildFile; fileRef = 34A14F6D246CB57D007AAD2B /* APIService.swift */; };
		34D52B70246CAECA00C4C709 /* Car.swift in Sources */ = {isa = PBXBuildFile; fileRef = 34D52B6F246CAECA00C4C709 /* Car.swift */; };
		34D52B74246CB1A800C4C709 /* CarCell.swift in Sources */ = {isa = PBXBuildFile; fileRef = 34D52B72246CB1A800C4C709 /* CarCell.swift */; };
		34D52B75246CB1A800C4C709 /* CarCell.xib in Resources */ = {isa = PBXBuildFile; fileRef = 34D52B73246CB1A800C4C709 /* CarCell.xib */; };
/* End PBXBuildFile section */

/* Begin PBXFileReference section */
		344BAC47283D731E00C27FBC /* CarsViewModel.swift */ = {isa = PBXFileReference; lastKnownFileType = sourcecode.swift; path = CarsViewModel.swift; sourceTree = "<group>"; };
		344BAC4E283D777700C27FBC /* Base */ = {isa = PBXFileReference; lastKnownFileType = file.storyboard; name = Base; path = MVVM_Example/Base.lproj/Main.storyboard; sourceTree = "<group>"; };
		34663D4D246CF29C0053DDBB /* CarVC.swift */ = {isa = PBXFileReference; fileEncoding = 4; lastKnownFileType = sourcecode.swift; path = CarVC.swift; sourceTree = "<group>"; };
		349D2EDD246C9F94000397D7 /* MVVM_Example.app */ = {isa = PBXFileReference; explicitFileType = wrapper.application; includeInIndex = 0; path = MVVM_Example.app; sourceTree = BUILT_PRODUCTS_DIR; };
		349D2EE0246C9F94000397D7 /* AppDelegate.swift */ = {isa = PBXFileReference; lastKnownFileType = sourcecode.swift; path = AppDelegate.swift; sourceTree = "<group>"; };
		349D2EE2246C9F94000397D7 /* SceneDelegate.swift */ = {isa = PBXFileReference; lastKnownFileType = sourcecode.swift; path = SceneDelegate.swift; sourceTree = "<group>"; };
		349D2EEA246C9F94000397D7 /* MVVM_Example.xcdatamodel */ = {isa = PBXFileReference; lastKnownFileType = wrapper.xcdatamodel; path = MVVM_Example.xcdatamodel; sourceTree = "<group>"; };
		349D2EEC246C9FAA000397D7 /* Assets.xcassets */ = {isa = PBXFileReference; lastKnownFileType = folder.assetcatalog; path = Assets.xcassets; sourceTree = "<group>"; };
		349D2EEF246C9FAA000397D7 /* Base */ = {isa = PBXFileReference; lastKnownFileType = file.storyboard; name = Base; path = Base.lproj/LaunchScreen.storyboard; sourceTree = "<group>"; };
		349D2EF1246C9FAA000397D7 /* Info.plist */ = {isa = PBXFileReference; lastKnownFileType = text.plist.xml; path = Info.plist; sourceTree = "<group>"; };
		34A14F6B246CB48C007AAD2B /* CarVC+CollectionView.swift */ = {isa = PBXFileReference; lastKnownFileType = sourcecode.swift; path = "CarVC+CollectionView.swift"; sourceTree = "<group>"; };
		34A14F6D246CB57D007AAD2B /* APIService.swift */ = {isa = PBXFileReference; lastKnownFileType = sourcecode.swift; path = APIService.swift; sourceTree = "<group>"; };
		34D52B6F246CAECA00C4C709 /* Car.swift */ = {isa = PBXFileReference; lastKnownFileType = sourcecode.swift; path = Car.swift; sourceTree = "<group>"; };
		34D52B72246CB1A800C4C709 /* CarCell.swift */ = {isa = PBXFileReference; lastKnownFileType = sourcecode.swift; path = CarCell.swift; sourceTree = "<group>"; };
		34D52B73246CB1A800C4C709 /* CarCell.xib */ = {isa = PBXFileReference; lastKnownFileType = file.xib; path = CarCell.xib; sourceTree = "<group>"; };
		C41F672AE272BB96361C58B8 /* Pods_MVVM_Example.framework */ = {isa = PBXFileReference; explicitFileType = wrapper.framework; includeInIndex = 0; path = Pods_MVVM_Example.framework; sourceTree = BUILT_PRODUCTS_DIR; };
		E7E7AD0E4311EC08A9AD1046 /* Pods-MVVM_Example.debug.xcconfig */ = {isa = PBXFileReference; includeInIndex = 1; lastKnownFileType = text.xcconfig; name = "Pods-MVVM_Example.debug.xcconfig"; path = "Target Support Files/Pods-MVVM_Example/Pods-MVVM_Example.debug.xcconfig"; sourceTree = "<group>"; };
		FB0AFC40A4F33E58EF42B0F0 /* Pods-MVVM_Example.release.xcconfig */ = {isa = PBXFileReference; includeInIndex = 1; lastKnownFileType = text.xcconfig; name = "Pods-MVVM_Example.release.xcconfig"; path = "Target Support Files/Pods-MVVM_Example/Pods-MVVM_Example.release.xcconfig"; sourceTree = "<group>"; };
/* End PBXFileReference section */

/* Begin PBXFrameworksBuildPhase section */
		349D2EDA246C9F94000397D7 /* Frameworks */ = {
			isa = PBXFrameworksBuildPhase;
			buildActionMask = 2147483647;
			files = (
				1D341E6DD6FB1EDCA3257716 /* Pods_MVVM_Example.framework in Frameworks */,
			);
			runOnlyForDeploymentPostprocessing = 0;
		};
/* End PBXFrameworksBuildPhase section */

/* Begin PBXGroup section */
		344BAC4C283D759100C27FBC /* Storyboard */ = {
			isa = PBXGroup;
			children = (
				344BAC4D283D777700C27FBC /* Main.storyboard */,
			);
			path = Storyboard;
			sourceTree = "<group>";
		};
		349D2ED4246C9F94000397D7 = {
			isa = PBXGroup;
			children = (
				349D2EDF246C9F94000397D7 /* MVVM_Example */,
				349D2EDE246C9F94000397D7 /* Products */,
				E6EBBD94AA154AADB00009D8 /* Pods */,
				ADBA18B939BBAF4A240F6499 /* Frameworks */,
			);
			sourceTree = "<group>";
		};
		349D2EDE246C9F94000397D7 /* Products */ = {
			isa = PBXGroup;
			children = (
				349D2EDD246C9F94000397D7 /* MVVM_Example.app */,
			);
			name = Products;
			sourceTree = "<group>";
		};
		349D2EDF246C9F94000397D7 /* MVVM_Example */ = {
			isa = PBXGroup;
			children = (
				349D2EE0246C9F94000397D7 /* AppDelegate.swift */,
				349D2EE2246C9F94000397D7 /* SceneDelegate.swift */,
				34A14F6F246CB5D8007AAD2B /* API */,
				34D52B71246CAECE00C4C709 /* Model */,
				34D52B69246CAE4800C4C709 /* View */,
				34A14F74246CBC71007AAD2B /* ViewModel */,
				349D2EEC246C9FAA000397D7 /* Assets.xcassets */,
				349D2EEE246C9FAA000397D7 /* LaunchScreen.storyboard */,
				349D2EF1246C9FAA000397D7 /* Info.plist */,
				349D2EE9246C9F94000397D7 /* MVVM_Example.xcdatamodeld */,
			);
			path = MVVM_Example;
			sourceTree = "<group>";
		};
		34A14F6F246CB5D8007AAD2B /* API */ = {
			isa = PBXGroup;
			children = (
				34A14F6D246CB57D007AAD2B /* APIService.swift */,
			);
			path = API;
			sourceTree = "<group>";
		};
		34A14F74246CBC71007AAD2B /* ViewModel */ = {
			isa = PBXGroup;
			children = (
				344BAC47283D731E00C27FBC /* CarsViewModel.swift */,
			);
			path = ViewModel;
			sourceTree = "<group>";
		};
		34D52B69246CAE4800C4C709 /* View */ = {
			isa = PBXGroup;
			children = (
				344BAC4C283D759100C27FBC /* Storyboard */,
				34D52B6E246CAE9C00C4C709 /* Controllers */,
				34D52B76246CB1AB00C4C709 /* CollectionViewCells */,
			);
			path = View;
			sourceTree = "<group>";
		};
		34D52B6E246CAE9C00C4C709 /* Controllers */ = {
			isa = PBXGroup;
			children = (
				34663D4D246CF29C0053DDBB /* CarVC.swift */,
				34A14F6B246CB48C007AAD2B /* CarVC+CollectionView.swift */,
			);
			path = Controllers;
			sourceTree = "<group>";
		};
		34D52B71246CAECE00C4C709 /* Model */ = {
			isa = PBXGroup;
			children = (
				34D52B6F246CAECA00C4C709 /* Car.swift */,
			);
			path = Model;
			sourceTree = "<group>";
		};
		34D52B76246CB1AB00C4C709 /* CollectionViewCells */ = {
			isa = PBXGroup;
			children = (
				34D52B77246CB1B800C4C709 /* CarCell */,
			);
			path = CollectionViewCells;
			sourceTree = "<group>";
		};
		34D52B77246CB1B800C4C709 /* CarCell */ = {
			isa = PBXGroup;
			children = (
				34D52B72246CB1A800C4C709 /* CarCell.swift */,
				34D52B73246CB1A800C4C709 /* CarCell.xib */,
			);
			path = CarCell;
			sourceTree = "<group>";
		};
		ADBA18B939BBAF4A240F6499 /* Frameworks */ = {
			isa = PBXGroup;
			children = (
				C41F672AE272BB96361C58B8 /* Pods_MVVM_Example.framework */,
			);
			name = Frameworks;
			sourceTree = "<group>";
		};
		E6EBBD94AA154AADB00009D8 /* Pods */ = {
			isa = PBXGroup;
			children = (
				E7E7AD0E4311EC08A9AD1046 /* Pods-MVVM_Example.debug.xcconfig */,
				FB0AFC40A4F33E58EF42B0F0 /* Pods-MVVM_Example.release.xcconfig */,
			);
			path = Pods;
			sourceTree = "<group>";
		};
/* End PBXGroup section */

/* Begin PBXNativeTarget section */
		349D2EDC246C9F94000397D7 /* MVVM_Example */ = {
			isa = PBXNativeTarget;
			buildConfigurationList = 349D2EF4246C9FAA000397D7 /* Build configuration list for PBXNativeTarget "MVVM_Example" */;
			buildPhases = (
				13AF3945477F96095B814C62 /* [CP] Check Pods Manifest.lock */,
				349D2ED9246C9F94000397D7 /* Sources */,
				349D2EDA246C9F94000397D7 /* Frameworks */,
				349D2EDB246C9F94000397D7 /* Resources */,
				1B75898538389C0643DE92C3 /* [CP] Embed Pods Frameworks */,
			);
			buildRules = (
			);
			dependencies = (
			);
			name = MVVM_Example;
			productName = MVVM_Example;
			productReference = 349D2EDD246C9F94000397D7 /* MVVM_Example.app */;
			productType = "com.apple.product-type.application";
		};
/* End PBXNativeTarget section */

/* Begin PBXProject section */
		349D2ED5246C9F94000397D7 /* Project object */ = {
			isa = PBXProject;
			attributes = {
				LastSwiftUpdateCheck = 1130;
				LastUpgradeCheck = 1130;
				ORGANIZATIONNAME = "Mohamed El-Naggar";
				TargetAttributes = {
					349D2EDC246C9F94000397D7 = {
						CreatedOnToolsVersion = 11.3.1;
					};
				};
			};
			buildConfigurationList = 349D2ED8246C9F94000397D7 /* Build configuration list for PBXProject "MVVM_Example" */;
			compatibilityVersion = "Xcode 9.3";
			developmentRegion = en;
			hasScannedForEncodings = 0;
			knownRegions = (
				en,
				Base,
			);
			mainGroup = 349D2ED4246C9F94000397D7;
			productRefGroup = 349D2EDE246C9F94000397D7 /* Products */;
			projectDirPath = "";
			projectRoot = "";
			targets = (
				349D2EDC246C9F94000397D7 /* MVVM_Example */,
			);
		};
/* End PBXProject section */

/* Begin PBXResourcesBuildPhase section */
		349D2EDB246C9F94000397D7 /* Resources */ = {
			isa = PBXResourcesBuildPhase;
			buildActionMask = 2147483647;
			files = (
				349D2EF0246C9FAA000397D7 /* LaunchScreen.storyboard in Resources */,
				344BAC4F283D777700C27FBC /* Main.storyboard in Resources */,
				34D52B75246CB1A800C4C709 /* CarCell.xib in Resources */,
				349D2EED246C9FAA000397D7 /* Assets.xcassets in Resources */,
			);
			runOnlyForDeploymentPostprocessing = 0;
		};
/* End PBXResourcesBuildPhase section */

/* Begin PBXShellScriptBuildPhase section */
		13AF3945477F96095B814C62 /* [CP] Check Pods Manifest.lock */ = {
			isa = PBXShellScriptBuildPhase;
			buildActionMask = 2147483647;
			files = (
			);
			inputFileListPaths = (
			);
			inputPaths = (
				"${PODS_PODFILE_DIR_PATH}/Podfile.lock",
				"${PODS_ROOT}/Manifest.lock",
			);
			name = "[CP] Check Pods Manifest.lock";
			outputFileListPaths = (
			);
			outputPaths = (
				"$(DERIVED_FILE_DIR)/Pods-MVVM_Example-checkManifestLockResult.txt",
			);
			runOnlyForDeploymentPostprocessing = 0;
			shellPath = /bin/sh;
			shellScript = "diff \"${PODS_PODFILE_DIR_PATH}/Podfile.lock\" \"${PODS_ROOT}/Manifest.lock\" > /dev/null\nif [ $? != 0 ] ; then\n    # print error to STDERR\n    echo \"error: The sandbox is not in sync with the Podfile.lock. Run 'pod install' or update your CocoaPods installation.\" >&2\n    exit 1\nfi\n# This output is used by Xcode 'outputs' to avoid re-running this script phase.\necho \"SUCCESS\" > \"${SCRIPT_OUTPUT_FILE_0}\"\n";
			showEnvVarsInLog = 0;
		};
		1B75898538389C0643DE92C3 /* [CP] Embed Pods Frameworks */ = {
			isa = PBXShellScriptBuildPhase;
			buildActionMask = 2147483647;
			files = (
			);
			inputFileListPaths = (
				"${PODS_ROOT}/Target Support Files/Pods-MVVM_Example/Pods-MVVM_Example-frameworks-${CONFIGURATION}-input-files.xcfilelist",
			);
			name = "[CP] Embed Pods Frameworks";
			outputFileListPaths = (
				"${PODS_ROOT}/Target Support Files/Pods-MVVM_Example/Pods-MVVM_Example-frameworks-${CONFIGURATION}-output-files.xcfilelist",
			);
			runOnlyForDeploymentPostprocessing = 0;
			shellPath = /bin/sh;
			shellScript = "\"${PODS_ROOT}/Target Support Files/Pods-MVVM_Example/Pods-MVVM_Example-frameworks.sh\"\n";
			showEnvVarsInLog = 0;
		};
/* End PBXShellScriptBuildPhase section */

/* Begin PBXSourcesBuildPhase section */
		349D2ED9246C9F94000397D7 /* Sources */ = {
			isa = PBXSourcesBuildPhase;
			buildActionMask = 2147483647;
			files = (
				34D52B74246CB1A800C4C709 /* CarCell.swift in Sources */,
				34A14F6C246CB48C007AAD2B /* CarVC+CollectionView.swift in Sources */,
				349D2EE1246C9F94000397D7 /* AppDelegate.swift in Sources */,
				34D52B70246CAECA00C4C709 /* Car.swift in Sources */,
				349D2EEB246C9F94000397D7 /* MVVM_Example.xcdatamodeld in Sources */,
				344BAC48283D731E00C27FBC /* CarsViewModel.swift in Sources */,
				34A14F6E246CB57D007AAD2B /* APIService.swift in Sources */,
				34663D4E246CF29C0053DDBB /* CarVC.swift in Sources */,
				349D2EE3246C9F94000397D7 /* SceneDelegate.swift in Sources */,
			);
			runOnlyForDeploymentPostprocessing = 0;
		};
/* End PBXSourcesBuildPhase section */

/* Begin PBXVariantGroup section */
		344BAC4D283D777700C27FBC /* Main.storyboard */ = {
			isa = PBXVariantGroup;
			children = (
				344BAC4E283D777700C27FBC /* Base */,
			);
			name = Main.storyboard;
			sourceTree = "<group>";
		};
		349D2EEE246C9FAA000397D7 /* LaunchScreen.storyboard */ = {
			isa = PBXVariantGroup;
			children = (
				349D2EEF246C9FAA000397D7 /* Base */,
			);
			name = LaunchScreen.storyboard;
			sourceTree = "<group>";
		};
/* End PBXVariantGroup section */

/* Begin XCBuildConfiguration section */
		349D2EF2246C9FAA000397D7 /* Debug */ = {
			isa = XCBuildConfiguration;
			buildSettings = {
				ALWAYS_SEARCH_USER_PATHS = NO;
				CLANG_ANALYZER_NONNULL = YES;
				CLANG_ANALYZER_NUMBER_OBJECT_CONVERSION = YES_AGGRESSIVE;
				CLANG_CXX_LANGUAGE_STANDARD = "gnu++14";
				CLANG_CXX_LIBRARY = "libc++";
				CLANG_ENABLE_MODULES = YES;
				CLANG_ENABLE_OBJC_ARC = YES;
				CLANG_ENABLE_OBJC_WEAK = YES;
				CLANG_WARN_BLOCK_CAPTURE_AUTORELEASING = YES;
				CLANG_WARN_BOOL_CONVERSION = YES;
				CLANG_WARN_COMMA = YES;
				CLANG_WARN_CONSTANT_CONVERSION = YES;
				CLANG_WARN_DEPRECATED_OBJC_IMPLEMENTATIONS = YES;
				CLANG_WARN_DIRECT_OBJC_ISA_USAGE = YES_ERROR;
				CLANG_WARN_DOCUMENTATION_COMMENTS = YES;
				CLANG_WARN_EMPTY_BODY = YES;
				CLANG_WARN_ENUM_CONVERSION = YES;
				CLANG_WARN_INFINITE_RECURSION = YES;
				CLANG_WARN_INT_CONVERSION = YES;
				CLANG_WARN_NON_LITERAL_NULL_CONVERSION = YES;
				CLANG_WARN_OBJC_IMPLICIT_RETAIN_SELF = YES;
				CLANG_WARN_OBJC_LITERAL_CONVERSION = YES;
				CLANG_WARN_OBJC_ROOT_CLASS = YES_ERROR;
				CLANG_WARN_RANGE_LOOP_ANALYSIS = YES;
				CLANG_WARN_STRICT_PROTOTYPES = YES;
				CLANG_WARN_SUSPICIOUS_MOVE = YES;
				CLANG_WARN_UNGUARDED_AVAILABILITY = YES_AGGRESSIVE;
				CLANG_WARN_UNREACHABLE_CODE = YES;
				CLANG_WARN__DUPLICATE_METHOD_MATCH = YES;
				COPY_PHASE_STRIP = NO;
				DEBUG_INFORMATION_FORMAT = dwarf;
				ENABLE_STRICT_OBJC_MSGSEND = YES;
				ENABLE_TESTABILITY = YES;
				GCC_C_LANGUAGE_STANDARD = gnu11;
				GCC_DYNAMIC_NO_PIC = NO;
				GCC_NO_COMMON_BLOCKS = YES;
				GCC_OPTIMIZATION_LEVEL = 0;
				GCC_PREPROCESSOR_DEFINITIONS = (
					"DEBUG=1",
					"$(inherited)",
				);
				GCC_WARN_64_TO_32_BIT_CONVERSION = YES;
				GCC_WARN_ABOUT_RETURN_TYPE = YES_ERROR;
				GCC_WARN_UNDECLARED_SELECTOR = YES;
				GCC_WARN_UNINITIALIZED_AUTOS = YES_AGGRESSIVE;
				GCC_WARN_UNUSED_FUNCTION = YES;
				GCC_WARN_UNUSED_VARIABLE = YES;
				IPHONEOS_DEPLOYMENT_TARGET = 12.0;
				MTL_ENABLE_DEBUG_INFO = INCLUDE_SOURCE;
				MTL_FAST_MATH = YES;
				ONLY_ACTIVE_ARCH = YES;
				SDKROOT = iphoneos;
				SWIFT_ACTIVE_COMPILATION_CONDITIONS = DEBUG;
				SWIFT_OPTIMIZATION_LEVEL = "-Onone";
			};
			name = Debug;
		};
		349D2EF3246C9FAA000397D7 /* Release */ = {
			isa = XCBuildConfiguration;
			buildSettings = {
				ALWAYS_SEARCH_USER_PATHS = NO;
				CLANG_ANALYZER_NONNULL = YES;
				CLANG_ANALYZER_NUMBER_OBJECT_CONVERSION = YES_AGGRESSIVE;
				CLANG_CXX_LANGUAGE_STANDARD = "gnu++14";
				CLANG_CXX_LIBRARY = "libc++";
				CLANG_ENABLE_MODULES = YES;
				CLANG_ENABLE_OBJC_ARC = YES;
				CLANG_ENABLE_OBJC_WEAK = YES;
				CLANG_WARN_BLOCK_CAPTURE_AUTORELEASING = YES;
				CLANG_WARN_BOOL_CONVERSION = YES;
				CLANG_WARN_COMMA = YES;
				CLANG_WARN_CONSTANT_CONVERSION = YES;
				CLANG_WARN_DEPRECATED_OBJC_IMPLEMENTATIONS = YES;
				CLANG_WARN_DIRECT_OBJC_ISA_USAGE = YES_ERROR;
				CLANG_WARN_DOCUMENTATION_COMMENTS = YES;
				CLANG_WARN_EMPTY_BODY = YES;
				CLANG_WARN_ENUM_CONVERSION = YES;
				CLANG_WARN_INFINITE_RECURSION = YES;
				CLANG_WARN_INT_CONVERSION = YES;
				CLANG_WARN_NON_LITERAL_NULL_CONVERSION = YES;
				CLANG_WARN_OBJC_IMPLICIT_RETAIN_SELF = YES;
				CLANG_WARN_OBJC_LITERAL_CONVERSION = YES;
				CLANG_WARN_OBJC_ROOT_CLASS = YES_ERROR;
				CLANG_WARN_RANGE_LOOP_ANALYSIS = YES;
				CLANG_WARN_STRICT_PROTOTYPES = YES;
				CLANG_WARN_SUSPICIOUS_MOVE = YES;
				CLANG_WARN_UNGUARDED_AVAILABILITY = YES_AGGRESSIVE;
				CLANG_WARN_UNREACHABLE_CODE = YES;
				CLANG_WARN__DUPLICATE_METHOD_MATCH = YES;
				COPY_PHASE_STRIP = NO;
				DEBUG_INFORMATION_FORMAT = "dwarf-with-dsym";
				ENABLE_NS_ASSERTIONS = NO;
				ENABLE_STRICT_OBJC_MSGSEND = YES;
				GCC_C_LANGUAGE_STANDARD = gnu11;
				GCC_NO_COMMON_BLOCKS = YES;
				GCC_WARN_64_TO_32_BIT_CONVERSION = YES;
				GCC_WARN_ABOUT_RETURN_TYPE = YES_ERROR;
				GCC_WARN_UNDECLARED_SELECTOR = YES;
				GCC_WARN_UNINITIALIZED_AUTOS = YES_AGGRESSIVE;
				GCC_WARN_UNUSED_FUNCTION = YES;
				GCC_WARN_UNUSED_VARIABLE = YES;
				IPHONEOS_DEPLOYMENT_TARGET = 12.0;
				MTL_ENABLE_DEBUG_INFO = NO;
				MTL_FAST_MATH = YES;
				SDKROOT = iphoneos;
				SWIFT_COMPILATION_MODE = wholemodule;
				SWIFT_OPTIMIZATION_LEVEL = "-O";
				VALIDATE_PRODUCT = YES;
			};
			name = Release;
		};
		349D2EF5246C9FAA000397D7 /* Debug */ = {
			isa = XCBuildConfiguration;
			baseConfigurationReference = E7E7AD0E4311EC08A9AD1046 /* Pods-MVVM_Example.debug.xcconfig */;
			buildSettings = {
				ASSETCATALOG_COMPILER_APPICON_NAME = AppIcon;
				CODE_SIGN_STYLE = Automatic;
				DEVELOPMENT_TEAM = 55AUP6T5P9;
				INFOPLIST_FILE = MVVM_Example/Info.plist;
				IPHONEOS_DEPLOYMENT_TARGET = 12.0;
				LD_RUNPATH_SEARCH_PATHS = (
					"$(inherited)",
					"@executable_path/Frameworks",
				);
				PRODUCT_BUNDLE_IDENTIFIER = com.naggar.MVVM;
				PRODUCT_NAME = "$(TARGET_NAME)";
				SWIFT_VERSION = 5.0;
				TARGETED_DEVICE_FAMILY = "1,2";
			};
			name = Debug;
		};
		349D2EF6246C9FAA000397D7 /* Release */ = {
			isa = XCBuildConfiguration;
			baseConfigurationReference = FB0AFC40A4F33E58EF42B0F0 /* Pods-MVVM_Example.release.xcconfig */;
			buildSettings = {
				ASSETCATALOG_COMPILER_APPICON_NAME = AppIcon;
				CODE_SIGN_STYLE = Automatic;
				DEVELOPMENT_TEAM = 55AUP6T5P9;
				INFOPLIST_FILE = MVVM_Example/Info.plist;
				IPHONEOS_DEPLOYMENT_TARGET = 12.0;
				LD_RUNPATH_SEARCH_PATHS = (
					"$(inherited)",
					"@executable_path/Frameworks",
				);
				PRODUCT_BUNDLE_IDENTIFIER = com.naggar.MVVM;
				PRODUCT_NAME = "$(TARGET_NAME)";
				SWIFT_VERSION = 5.0;
				TARGETED_DEVICE_FAMILY = "1,2";
			};
			name = Release;
		};
/* End XCBuildConfiguration section */

/* Begin XCConfigurationList section */
		349D2ED8246C9F94000397D7 /* Build configuration list for PBXProject "MVVM_Example" */ = {
			isa = XCConfigurationList;
			buildConfigurations = (
				349D2EF2246C9FAA000397D7 /* Debug */,
				349D2EF3246C9FAA000397D7 /* Release */,
			);
			defaultConfigurationIsVisible = 0;
			defaultConfigurationName = Release;
		};
		349D2EF4246C9FAA000397D7 /* Build configuration list for PBXNativeTarget "MVVM_Example" */ = {
			isa = XCConfigurationList;
			buildConfigurations = (
				349D2EF5246C9FAA000397D7 /* Debug */,
				349D2EF6246C9FAA000397D7 /* Release */,
			);
			defaultConfigurationIsVisible = 0;
			defaultConfigurationName = Release;
		};
/* End XCConfigurationList section */

/* Begin XCVersionGroup section */
		349D2EE9246C9F94000397D7 /* MVVM_Example.xcdatamodeld */ = {
			isa = XCVersionGroup;
			children = (
				349D2EEA246C9F94000397D7 /* MVVM_Example.xcdatamodel */,
			);
			currentVersion = 349D2EEA246C9F94000397D7 /* MVVM_Example.xcdatamodel */;
			path = MVVM_Example.xcdatamodeld;
			sourceTree = "<group>";
			versionGroupType = wrapper.xcdatamodel;
		};
/* End XCVersionGroup section */
	};
	rootObject = 349D2ED5246C9F94000397D7 /* Project object */;
}
